{
  "name": "obelus-gsap-player",
  "version": "0.0.4",
  "lockfileVersion": 3,
  "requires": true,
  "packages": {
    "": {
      "name": "obelus-gsap-player",
      "version": "0.0.4",
      "dependencies": {
        "gsap": "^3.13.0",
        "obelus": "^0.0.10"
      },
      "devDependencies": {
        "typescript": "^5.8.3"
      }
    },
    "../obelus": {
      "version": "0.0.10",
      "extraneous": true,
      "devDependencies": {
        "typescript": "^5.8.3"
      }
    },
    "node_modules/gsap": {
      "version": "3.13.0",
      "resolved": "https://registry.npmjs.org/gsap/-/gsap-3.13.0.tgz",
      "integrity": "sha512-QL7MJ2WMjm1PHWsoFrAQH/J8wUeqZvMtHO58qdekHpCfhvhSL4gSiz6vJf5EeMP0LOn3ZCprL2ki/gjED8ghVw==",
      "license": "Standard 'no charge' license: https://gsap.com/standard-license."
    },
    "node_modules/obelus": {
      "version": "0.0.10",
      "resolved": "https://registry.npmjs.org/obelus/-/obelus-0.0.10.tgz",
      "integrity": "sha512-fd+TPniIKlFRSndekEMlIm+vJJBtOmecrmWek3gz1fiQOZQ4Vb2cCRCu/ZRzQ6BJh6o46i0LJxRHyc7P0U4yIA=="
    },
    "node_modules/typescript": {
      "version": "5.8.3",
      "resolved": "https://registry.npmjs.org/typescript/-/typescript-5.8.3.tgz",
      "integrity": "sha512-p1diW6TqL9L07nNxvRMM7hMMw4c5XOo/1ibL4aAIGmSAt9slTE1Xgw5KWuof2uTOvCg9BY7ZRi+GaF+7sfgPeQ==",
      "dev": true,
      "license": "Apache-2.0",
      "bin": {
        "tsc": "bin/tsc",
        "tsserver": "bin/tsserver"
      },
      "engines": {
        "node": ">=14.17"
      }
    }
  }
}
