{
    "name": "obelus",
    "version": "0.0.1-SNAPSHOT",
    "lockfileVersion": 3,
    "requires": true,
    "packages": {
        "": {
            "name": "obelus",
            "version": "0.0.1-SNAPSHOT",
            "dependencies": {
                "gsap": "^3.13.0",
                "three": "^0.178.0"
            }
        },
        "node_modules/gsap": {
            "version": "3.13.0",
            "resolved": "https://registry.npmjs.org/gsap/-/gsap-3.13.0.tgz",
            "integrity": "sha512-QL7MJ2WMjm1PHWsoFrAQH/J8wUeqZvMtHO58qdekHpCfhvhSL4gSiz6vJf5EeMP0LOn3ZCprL2ki/gjED8ghVw==",
            "license": "Standard 'no charge' license: https://gsap.com/standard-license."
        },
        "node_modules/three": {
            "version": "0.178.0",
            "resolved": "https://registry.npmjs.org/three/-/three-0.178.0.tgz",
            "integrity": "sha512-ybFIB0+x8mz0wnZgSGy2MO/WCO6xZhQSZnmfytSPyNpM0sBafGRVhdaj+erYh5U+RhQOAg/eXqw5uVDiM2BjhQ==",
            "license": "MIT"
        }
    }
}
