{
    "name": "obelus",
    "version": "0.0.1-SNAPSHOT",
    "lockfileVersion": 3,
    "requires": true,
    "packages": {
        "": {
            "name": "obelus",
            "version": "0.0.1-SNAPSHOT",
            "dependencies": {
                "zod": "^3.25.67"
            }
        },
        "node_modules/zod": {
            "version": "3.25.67",
            "resolved": "https://registry.npmjs.org/zod/-/zod-3.25.67.tgz",
            "integrity": "sha512-idA2YXwpCdqUSKRCACDE6ItZD9TZzy3OZMtpfLoh6oPR47lipysRrJfjzMqFxQ3uJuUPyUeWe1r9vLH33xO/Qw==",
            "license": "MIT",
            "funding": {
                "url": "https://github.com/sponsors/colinhacks"
            }
        }
    }
}
