{
  "name": "obelus-three-render",
  "version": "0.0.1-SNAPSHOT",
  "lockfileVersion": 3,
  "requires": true,
  "packages": {
    "": {
      "name": "obelus-three-render",
      "version": "0.0.1-SNAPSHOT",
      "license": "ISC",
      "dependencies": {
        "@fontsource/inter": "^5.2.6",
        "obelus": "file:../obelus",
        "three": "^0.178.0"
      },
      "devDependencies": {
        "typescript": "^5.8.3"
      }
    },
    "../obelus": {
      "version": "0.0.7",
      "devDependencies": {
        "typescript": "^5.8.3"
      }
    },
    "../oblelus": {
      "extraneous": true
    },
    "node_modules/@fontsource/inter": {
      "version": "5.2.6",
      "resolved": "https://registry.npmjs.org/@fontsource/inter/-/inter-5.2.6.tgz",
      "integrity": "sha512-CZs9S1CrjD0jPwsNy9W6j0BhsmRSQrgwlTNkgQXTsAeDRM42LBRLo3eo9gCzfH4GvV7zpyf78Ozfl773826csw==",
      "license": "OFL-1.1",
      "funding": {
        "url": "https://github.com/sponsors/ayuhito"
      }
    },
    "node_modules/obelus": {
      "resolved": "../obelus",
      "link": true
    },
    "node_modules/three": {
      "version": "0.178.0",
      "resolved": "https://registry.npmjs.org/three/-/three-0.178.0.tgz",
      "integrity": "sha512-ybFIB0+x8mz0wnZgSGy2MO/WCO6xZhQSZnmfytSPyNpM0sBafGRVhdaj+erYh5U+RhQOAg/eXqw5uVDiM2BjhQ==",
      "license": "MIT"
    },
    "node_modules/typescript": {
      "version": "5.8.3",
      "resolved": "https://registry.npmjs.org/typescript/-/typescript-5.8.3.tgz",
      "integrity": "sha512-p1diW6TqL9L07nNxvRMM7hMMw4c5XOo/1ibL4aAIGmSAt9slTE1Xgw5KWuof2uTOvCg9BY7ZRi+GaF+7sfgPeQ==",
      "dev": true,
      "license": "Apache-2.0",
      "bin": {
        "tsc": "bin/tsc",
        "tsserver": "bin/tsserver"
      },
      "engines": {
        "node": ">=14.17"
      }
    }
  }
}
