{
  "name": "obelus-three-render",
  "version": "1.0.0",
  "lockfileVersion": 3,
  "requires": true,
  "packages": {
    "": {
      "name": "obelus-three-render",
      "version": "1.0.0",
      "license": "ISC",
      "dependencies": {
        "obelus": "file:../oblelus",
        "three": "^0.178.0"
      },
      "devDependencies": {
        "typescript": "^5.8.3"
      }
    },
    "../oblelus": {},
    "node_modules/obelus": {
      "resolved": "../oblelus",
      "link": true
    },
    "node_modules/three": {
      "version": "0.178.0",
      "resolved": "https://registry.npmjs.org/three/-/three-0.178.0.tgz",
      "integrity": "sha512-ybFIB0+x8mz0wnZgSGy2MO/WCO6xZhQSZnmfytSPyNpM0sBafGRVhdaj+erYh5U+RhQOAg/eXqw5uVDiM2BjhQ==",
      "license": "MIT"
    },
    "node_modules/typescript": {
      "version": "5.8.3",
      "resolved": "https://registry.npmjs.org/typescript/-/typescript-5.8.3.tgz",
      "integrity": "sha512-p1diW6TqL9L07nNxvRMM7hMMw4c5XOo/1ibL4aAIGmSAt9slTE1Xgw5KWuof2uTOvCg9BY7ZRi+GaF+7sfgPeQ==",
      "dev": true,
      "license": "Apache-2.0",
      "bin": {
        "tsc": "bin/tsc",
        "tsserver": "bin/tsserver"
      },
      "engines": {
        "node": ">=14.17"
      }
    }
  }
}
